
Microsoft Visual Studio Solution File, Format Version 12.00
# Visual Studio 15
VisualStudioVersion = 15.0.26228.10
MinimumVisualStudioVersion = 10.0.40219.1
Project("{8BC9CEB8-8B4A-11D0-8D11-00A0C91BC942}") = "00_Introduction", "00_Introduction\00_Introduction.vcxproj", "{29061529-3549-48B9-8A39-9745E95045C1}"
EndProject
Project("{8BC9CEB8-8B4A-11D0-8D11-00A0C91BC942}") = "01_Strings", "01_Strings\01_Strings.vcxproj", "{BC6A7503-54D2-4C04-B3E2-297DD70F8FB1}"
EndProject
Project("{8BC9CEB8-8B4A-11D0-8D11-00A0C91BC942}") = "02_Classes", "02_Classes\02_Classes.vcxproj", "{BDAC185E-72A3-472E-86DB-329E909DB641}"
EndProject
Project("{8BC9CEB8-8B4A-11D0-8D11-00A0C91BC942}") = "03_STL", "03_STL\03_STL.vcxproj", "{F61FABC1-2912-48AB-B36F-C29BECEBF358}"
EndProject
Project("{8BC9CEB8-8B4A-11D0-8D11-00A0C91BC942}") = "04_Inheritance", "04_Inheritance\04_Inheritance.vcxproj", "{F8DAF98D-F76B-44F3-804D-A0B35DA7D576}"
EndProject
Project("{8BC9CEB8-8B4A-11D0-8D11-00A0C91BC942}") = "05_OtherConcepts", "05_OtherConcepts\05_OtherConcepts.vcxproj", "{155D8DE1-CE77-4DD5-8B0C-D267F91C0499}"
EndProject
Global
	GlobalSection(SolutionConfigurationPlatforms) = preSolution
		Debug|x64 = Debug|x64
		Debug|x86 = Debug|x86
		Release|x64 = Release|x64
		Release|x86 = Release|x86
	EndGlobalSection
	GlobalSection(ProjectConfigurationPlatforms) = postSolution
		{29061529-3549-48B9-8A39-9745E95045C1}.Debug|x64.ActiveCfg = Debug|x64
		{29061529-3549-48B9-8A39-9745E95045C1}.Debug|x64.Build.0 = Debug|x64
		{29061529-3549-48B9-8A39-9745E95045C1}.Debug|x86.ActiveCfg = Debug|Win32
		{29061529-3549-48B9-8A39-9745E95045C1}.Debug|x86.Build.0 = Debug|Win32
		{29061529-3549-48B9-8A39-9745E95045C1}.Release|x64.ActiveCfg = Release|x64
		{29061529-3549-48B9-8A39-9745E95045C1}.Release|x64.Build.0 = Release|x64
		{29061529-3549-48B9-8A39-9745E95045C1}.Release|x86.ActiveCfg = Release|Win32
		{29061529-3549-48B9-8A39-9745E95045C1}.Release|x86.Build.0 = Release|Win32
		{BC6A7503-54D2-4C04-B3E2-297DD70F8FB1}.Debug|x64.ActiveCfg = Debug|x64
		{BC6A7503-54D2-4C04-B3E2-297DD70F8FB1}.Debug|x64.Build.0 = Debug|x64
		{BC6A7503-54D2-4C04-B3E2-297DD70F8FB1}.Debug|x86.ActiveCfg = Debug|Win32
		{BC6A7503-54D2-4C04-B3E2-297DD70F8FB1}.Debug|x86.Build.0 = Debug|Win32
		{BC6A7503-54D2-4C04-B3E2-297DD70F8FB1}.Release|x64.ActiveCfg = Release|x64
		{BC6A7503-54D2-4C04-B3E2-297DD70F8FB1}.Release|x64.Build.0 = Release|x64
		{BC6A7503-54D2-4C04-B3E2-297DD70F8FB1}.Release|x86.ActiveCfg = Release|Win32
		{BC6A7503-54D2-4C04-B3E2-297DD70F8FB1}.Release|x86.Build.0 = Release|Win32
		{BDAC185E-72A3-472E-86DB-329E909DB641}.Debug|x64.ActiveCfg = Debug|x64
		{BDAC185E-72A3-472E-86DB-329E909DB641}.Debug|x64.Build.0 = Debug|x64
		{BDAC185E-72A3-472E-86DB-329E909DB641}.Debug|x86.ActiveCfg = Debug|Win32
		{BDAC185E-72A3-472E-86DB-329E909DB641}.Debug|x86.Build.0 = Debug|Win32
		{BDAC185E-72A3-472E-86DB-329E909DB641}.Release|x64.ActiveCfg = Release|x64
		{BDAC185E-72A3-472E-86DB-329E909DB641}.Release|x64.Build.0 = Release|x64
		{BDAC185E-72A3-472E-86DB-329E909DB641}.Release|x86.ActiveCfg = Release|Win32
		{BDAC185E-72A3-472E-86DB-329E909DB641}.Release|x86.Build.0 = Release|Win32
		{F61FABC1-2912-48AB-B36F-C29BECEBF358}.Debug|x64.ActiveCfg = Debug|x64
		{F61FABC1-2912-48AB-B36F-C29BECEBF358}.Debug|x64.Build.0 = Debug|x64
		{F61FABC1-2912-48AB-B36F-C29BECEBF358}.Debug|x86.ActiveCfg = Debug|Win32
		{F61FABC1-2912-48AB-B36F-C29BECEBF358}.Debug|x86.Build.0 = Debug|Win32
		{F61FABC1-2912-48AB-B36F-C29BECEBF358}.Release|x64.ActiveCfg = Release|x64
		{F61FABC1-2912-48AB-B36F-C29BECEBF358}.Release|x64.Build.0 = Release|x64
		{F61FABC1-2912-48AB-B36F-C29BECEBF358}.Release|x86.ActiveCfg = Release|Win32
		{F61FABC1-2912-48AB-B36F-C29BECEBF358}.Release|x86.Build.0 = Release|Win32
		{F8DAF98D-F76B-44F3-804D-A0B35DA7D576}.Debug|x64.ActiveCfg = Debug|x64
		{F8DAF98D-F76B-44F3-804D-A0B35DA7D576}.Debug|x64.Build.0 = Debug|x64
		{F8DAF98D-F76B-44F3-804D-A0B35DA7D576}.Debug|x86.ActiveCfg = Debug|Win32
		{F8DAF98D-F76B-44F3-804D-A0B35DA7D576}.Debug|x86.Build.0 = Debug|Win32
		{F8DAF98D-F76B-44F3-804D-A0B35DA7D576}.Release|x64.ActiveCfg = Release|x64
		{F8DAF98D-F76B-44F3-804D-A0B35DA7D576}.Release|x64.Build.0 = Release|x64
		{F8DAF98D-F76B-44F3-804D-A0B35DA7D576}.Release|x86.ActiveCfg = Release|Win32
		{F8DAF98D-F76B-44F3-804D-A0B35DA7D576}.Release|x86.Build.0 = Release|Win32
		{155D8DE1-CE77-4DD5-8B0C-D267F91C0499}.Debug|x64.ActiveCfg = Debug|x64
		{155D8DE1-CE77-4DD5-8B0C-D267F91C0499}.Debug|x64.Build.0 = Debug|x64
		{155D8DE1-CE77-4DD5-8B0C-D267F91C0499}.Debug|x86.ActiveCfg = Debug|Win32
		{155D8DE1-CE77-4DD5-8B0C-D267F91C0499}.Debug|x86.Build.0 = Debug|Win32
		{155D8DE1-CE77-4DD5-8B0C-D267F91C0499}.Release|x64.ActiveCfg = Release|x64
		{155D8DE1-CE77-4DD5-8B0C-D267F91C0499}.Release|x64.Build.0 = Release|x64
		{155D8DE1-CE77-4DD5-8B0C-D267F91C0499}.Release|x86.ActiveCfg = Release|Win32
		{155D8DE1-CE77-4DD5-8B0C-D267F91C0499}.Release|x86.Build.0 = Release|Win32
	EndGlobalSection
	GlobalSection(SolutionProperties) = preSolution
		HideSolutionNode = FALSE
	EndGlobalSection
EndGlobal
